
Microsoft Visual Studio Solution File, Format Version 12.00
# Visual Studio Version 16
VisualStudioVersion = 16.0.29424.173
MinimumVisualStudioVersion = 10.0.40219.1
Project("{FAE04EC0-301F-11D3-BF4B-00C04F79EFBC}") = "ComercialAG", "ComercialAG\ComercialAG.csproj", "{7DF73B83-E387-4ED5-9B4C-25070EA5EA86}"
EndProject
Project("{FAE04EC0-301F-11D3-BF4B-00C04F79EFBC}") = "Entity", "Entity\Entity.csproj", "{B7F9E85B-8A37-40D0-ADE9-5EB3FA69F3FD}"
EndProject
Project("{FAE04EC0-301F-11D3-BF4B-00C04F79EFBC}") = "BLL", "BLL\BLL.csproj", "{086D3704-8ACE-4D38-8F77-77B8BBE71EC1}"
EndProject
Project("{FAE04EC0-301F-11D3-BF4B-00C04F79EFBC}") = "DAL", "DAL\DAL.csproj", "{1EA77A53-B953-4A9A-96AD-7447EACC7A26}"
EndProject
Global
	GlobalSection(SolutionConfigurationPlatforms) = preSolution
		Debug|Any CPU = Debug|Any CPU
		Release|Any CPU = Release|Any CPU
	EndGlobalSection
	GlobalSection(ProjectConfigurationPlatforms) = postSolution
		{7DF73B83-E387-4ED5-9B4C-25070EA5EA86}.Debug|Any CPU.ActiveCfg = Debug|Any CPU
		{7DF73B83-E387-4ED5-9B4C-25070EA5EA86}.Debug|Any CPU.Build.0 = Debug|Any CPU
		{7DF73B83-E387-4ED5-9B4C-25070EA5EA86}.Release|Any CPU.ActiveCfg = Release|Any CPU
		{7DF73B83-E387-4ED5-9B4C-25070EA5EA86}.Release|Any CPU.Build.0 = Release|Any CPU
		{B7F9E85B-8A37-40D0-ADE9-5EB3FA69F3FD}.Debug|Any CPU.ActiveCfg = Debug|Any CPU
		{B7F9E85B-8A37-40D0-ADE9-5EB3FA69F3FD}.Debug|Any CPU.Build.0 = Debug|Any CPU
		{B7F9E85B-8A37-40D0-ADE9-5EB3FA69F3FD}.Release|Any CPU.ActiveCfg = Release|Any CPU
		{B7F9E85B-8A37-40D0-ADE9-5EB3FA69F3FD}.Release|Any CPU.Build.0 = Release|Any CPU
		{086D3704-8ACE-4D38-8F77-77B8BBE71EC1}.Debug|Any CPU.ActiveCfg = Debug|Any CPU
		{086D3704-8ACE-4D38-8F77-77B8BBE71EC1}.Debug|Any CPU.Build.0 = Debug|Any CPU
		{086D3704-8ACE-4D38-8F77-77B8BBE71EC1}.Release|Any CPU.ActiveCfg = Release|Any CPU
		{086D3704-8ACE-4D38-8F77-77B8BBE71EC1}.Release|Any CPU.Build.0 = Release|Any CPU
		{1EA77A53-B953-4A9A-96AD-7447EACC7A26}.Debug|Any CPU.ActiveCfg = Debug|Any CPU
		{1EA77A53-B953-4A9A-96AD-7447EACC7A26}.Debug|Any CPU.Build.0 = Debug|Any CPU
		{1EA77A53-B953-4A9A-96AD-7447EACC7A26}.Release|Any CPU.ActiveCfg = Release|Any CPU
		{1EA77A53-B953-4A9A-96AD-7447EACC7A26}.Release|Any CPU.Build.0 = Release|Any CPU
	EndGlobalSection
	GlobalSection(SolutionProperties) = preSolution
		HideSolutionNode = FALSE
	EndGlobalSection
	GlobalSection(ExtensibilityGlobals) = postSolution
		SolutionGuid = {C152C298-E41D-428D-9E54-5A0E49386089}
	EndGlobalSection
EndGlobal
