
Microsoft Visual Studio Solution File, Format Version 12.00
# Visual Studio Version 16
VisualStudioVersion = 16.0.29424.173
MinimumVisualStudioVersion = 10.0.40219.1
Project("{FAE04EC0-301F-11D3-BF4B-00C04F79EFBC}") = "Competencia", "Competencia\Competencia.csproj", "{639BF3BF-BE4C-4154-B849-46C3C43529E3}"
EndProject
Project("{FAE04EC0-301F-11D3-BF4B-00C04F79EFBC}") = "BLL", "BLL\BLL.csproj", "{60A090EB-9885-479F-ACFC-5A972AE7CFEE}"
EndProject
Project("{FAE04EC0-301F-11D3-BF4B-00C04F79EFBC}") = "DAL", "DAL\DAL.csproj", "{7DE161A3-D936-4051-B0A6-70932FD45A8F}"
EndProject
Project("{FAE04EC0-301F-11D3-BF4B-00C04F79EFBC}") = "Entity", "Entity\Entity.csproj", "{11207DE6-9397-4049-9F3B-00AFC2F04483}"
EndProject
Global
	GlobalSection(SolutionConfigurationPlatforms) = preSolution
		Debug|Any CPU = Debug|Any CPU
		Release|Any CPU = Release|Any CPU
	EndGlobalSection
	GlobalSection(ProjectConfigurationPlatforms) = postSolution
		{639BF3BF-BE4C-4154-B849-46C3C43529E3}.Debug|Any CPU.ActiveCfg = Debug|Any CPU
		{639BF3BF-BE4C-4154-B849-46C3C43529E3}.Debug|Any CPU.Build.0 = Debug|Any CPU
		{639BF3BF-BE4C-4154-B849-46C3C43529E3}.Release|Any CPU.ActiveCfg = Release|Any CPU
		{639BF3BF-BE4C-4154-B849-46C3C43529E3}.Release|Any CPU.Build.0 = Release|Any CPU
		{60A090EB-9885-479F-ACFC-5A972AE7CFEE}.Debug|Any CPU.ActiveCfg = Debug|Any CPU
		{60A090EB-9885-479F-ACFC-5A972AE7CFEE}.Debug|Any CPU.Build.0 = Debug|Any CPU
		{60A090EB-9885-479F-ACFC-5A972AE7CFEE}.Release|Any CPU.ActiveCfg = Release|Any CPU
		{60A090EB-9885-479F-ACFC-5A972AE7CFEE}.Release|Any CPU.Build.0 = Release|Any CPU
		{7DE161A3-D936-4051-B0A6-70932FD45A8F}.Debug|Any CPU.ActiveCfg = Debug|Any CPU
		{7DE161A3-D936-4051-B0A6-70932FD45A8F}.Debug|Any CPU.Build.0 = Debug|Any CPU
		{7DE161A3-D936-4051-B0A6-70932FD45A8F}.Release|Any CPU.ActiveCfg = Release|Any CPU
		{7DE161A3-D936-4051-B0A6-70932FD45A8F}.Release|Any CPU.Build.0 = Release|Any CPU
		{11207DE6-9397-4049-9F3B-00AFC2F04483}.Debug|Any CPU.ActiveCfg = Debug|Any CPU
		{11207DE6-9397-4049-9F3B-00AFC2F04483}.Debug|Any CPU.Build.0 = Debug|Any CPU
		{11207DE6-9397-4049-9F3B-00AFC2F04483}.Release|Any CPU.ActiveCfg = Release|Any CPU
		{11207DE6-9397-4049-9F3B-00AFC2F04483}.Release|Any CPU.Build.0 = Release|Any CPU
	EndGlobalSection
	GlobalSection(SolutionProperties) = preSolution
		HideSolutionNode = FALSE
	EndGlobalSection
	GlobalSection(ExtensibilityGlobals) = postSolution
		SolutionGuid = {53A308F2-C82F-4CA9-919D-0187F17AF635}
	EndGlobalSection
EndGlobal
